dependencies:
- name: backend
  repository: http://localhost:8080
  version: 1.2.2
- name: frontend
  repository: http://localhost:8080
  version: 1.2.1
- name: mongodb
  repository: https://charts.helm.sh/stable
  version: 7.8.10
digest: sha256:797ca53edc0dc51e4cf33bf25d77effe6037d7146872aebf492a066898dbf521
generated: "2021-07-11T16:40:15.5614215+07:00"
